
Microsoft Visual Studio Solution File, Format Version 12.00
# Visual Studio 15
VisualStudioVersion = 15.0.28307.645
MinimumVisualStudioVersion = 10.0.40219.1
Project("{9A19103F-16F7-4668-BE54-9A1E7A4F7556}") = "Deserialization", "Deserialization\Deserialization.csproj", "{18B0A307-7FD3-4016-883F-D615CE16709C}"
EndProject
Project("{FAE04EC0-301F-11D3-BF4B-00C04F79EFBC}") = "XAML", "XAML\XAML.csproj", "{DF9BEE6F-86AA-4A99-AFEE-AE8C8AF872B8}"
EndProject
Project("{FAE04EC0-301F-11D3-BF4B-00C04F79EFBC}") = "ViewModel", "ViewModel\ViewModel.csproj", "{58545953-B1D9-44B6-986B-A8F90483BF0C}"
EndProject
Global
	GlobalSection(SolutionConfigurationPlatforms) = preSolution
		Debug|Any CPU = Debug|Any CPU
		Release|Any CPU = Release|Any CPU
	EndGlobalSection
	GlobalSection(ProjectConfigurationPlatforms) = postSolution
		{18B0A307-7FD3-4016-883F-D615CE16709C}.Debug|Any CPU.ActiveCfg = Debug|Any CPU
		{18B0A307-7FD3-4016-883F-D615CE16709C}.Debug|Any CPU.Build.0 = Debug|Any CPU
		{18B0A307-7FD3-4016-883F-D615CE16709C}.Release|Any CPU.ActiveCfg = Release|Any CPU
		{18B0A307-7FD3-4016-883F-D615CE16709C}.Release|Any CPU.Build.0 = Release|Any CPU
		{DF9BEE6F-86AA-4A99-AFEE-AE8C8AF872B8}.Debug|Any CPU.ActiveCfg = Debug|Any CPU
		{DF9BEE6F-86AA-4A99-AFEE-AE8C8AF872B8}.Debug|Any CPU.Build.0 = Debug|Any CPU
		{DF9BEE6F-86AA-4A99-AFEE-AE8C8AF872B8}.Release|Any CPU.ActiveCfg = Release|Any CPU
		{DF9BEE6F-86AA-4A99-AFEE-AE8C8AF872B8}.Release|Any CPU.Build.0 = Release|Any CPU
		{58545953-B1D9-44B6-986B-A8F90483BF0C}.Debug|Any CPU.ActiveCfg = Debug|Any CPU
		{58545953-B1D9-44B6-986B-A8F90483BF0C}.Debug|Any CPU.Build.0 = Debug|Any CPU
		{58545953-B1D9-44B6-986B-A8F90483BF0C}.Release|Any CPU.ActiveCfg = Release|Any CPU
		{58545953-B1D9-44B6-986B-A8F90483BF0C}.Release|Any CPU.Build.0 = Release|Any CPU
	EndGlobalSection
	GlobalSection(SolutionProperties) = preSolution
		HideSolutionNode = FALSE
	EndGlobalSection
	GlobalSection(ExtensibilityGlobals) = postSolution
		SolutionGuid = {8458BBBE-6BCA-45C6-BC47-7CFD1CDE1538}
	EndGlobalSection
EndGlobal
